{
  "lockfile_version": "1",
  "packages": {
    "github:NixOS/nixpkgs/nixpkgs-unstable": {
      "resolved": "github:NixOS/nixpkgs/2bfc080955153be0be56724be6fa5477b4eefabb?lastModified=1743689281&narHash=sha256-y7Hg5lwWhEOgflEHRfzSH96BOt26LaYfrYWzZ%2BVoVdg%3D"
    },
    "poetry@latest": {
      "last_modified": "2024-09-23T10:58:17Z",
      "plugin_version": "0.0.4",
      "resolved": "github:NixOS/nixpkgs/568bfef547c14ca438c56a0bece08b8bb2b71a9c#poetry",
      "source": "devbox-search",
      "version": "1.8.3",
      "systems": {
        "aarch64-darwin": {
          "outputs": [
            {
              "name": "out",
              "path": "/nix/store/nycf0kbsd4mhqcppdai1cj3vwik2vmic-python3.12-poetry-1.8.3",
              "default": true
            },
            {
              "name": "dist",
              "path": "/nix/store/7ll0b0qsg8272qfdzr24kiy493mm9ay5-python3.12-poetry-1.8.3-dist"
            }
          ],
          "store_path": "/nix/store/nycf0kbsd4mhqcppdai1cj3vwik2vmic-python3.12-poetry-1.8.3"
        },
        "aarch64-linux": {
          "outputs": [
            {
              "name": "out",
              "path": "/nix/store/5kgf258lia7vf00k7y8jggwfjvhz820a-python3.12-poetry-1.8.3",
              "default": true
            },
            {
              "name": "dist",
              "path": "/nix/store/z0nfiin8a8igi6x3n0gjy9gb440mpyzg-python3.12-poetry-1.8.3-dist"
            }
          ],
          "store_path": "/nix/store/5kgf258lia7vf00k7y8jggwfjvhz820a-python3.12-poetry-1.8.3"
        },
        "x86_64-darwin": {
          "outputs": [
            {
              "name": "out",
              "path": "/nix/store/h0ncgdbb67cj9zg1ywman246bzq3b8s6-python3.12-poetry-1.8.3",
              "default": true
            },
            {
              "name": "dist",
              "path": "/nix/store/9sj038vl4x792fr5carna0iyhb723scb-python3.12-poetry-1.8.3-dist"
            }
          ],
          "store_path": "/nix/store/h0ncgdbb67cj9zg1ywman246bzq3b8s6-python3.12-poetry-1.8.3"
        },
        "x86_64-linux": {
          "outputs": [
            {
              "name": "out",
              "path": "/nix/store/4h1ns7l1fvjs718pjw1bg6wyy01jvpsw-python3.12-poetry-1.8.3",
              "default": true
            },
            {
              "name": "dist",
              "path": "/nix/store/c9z3y970nqjgc1n2vllbgn5718rq23ds-python3.12-poetry-1.8.3-dist"
            }
          ],
          "store_path": "/nix/store/4h1ns7l1fvjs718pjw1bg6wyy01jvpsw-python3.12-poetry-1.8.3"
        }
      }
    },
    "vscode@latest": {
      "last_modified": "2025-03-16T16:17:41Z",
      "resolved": "github:NixOS/nixpkgs/8f76cf16b17c51ae0cc8e55488069593f6dab645#vscode",
      "source": "devbox-search",
      "version": "1.98.2",
      "systems": {
        "aarch64-darwin": {
          "outputs": [
            {
              "name": "out",
              "path": "/nix/store/47babdfsakdq3yiisl8wlp9xba38jv78-vscode-1.98.2",
              "default": true
            }
          ],
          "store_path": "/nix/store/47babdfsakdq3yiisl8wlp9xba38jv78-vscode-1.98.2"
        },
        "aarch64-linux": {
          "outputs": [
            {
              "name": "out",
              "path": "/nix/store/hibsjy02nxv203smncr0p1fclg3lf06c-vscode-1.98.2",
              "default": true
            }
          ],
          "store_path": "/nix/store/hibsjy02nxv203smncr0p1fclg3lf06c-vscode-1.98.2"
        },
        "x86_64-darwin": {
          "outputs": [
            {
              "name": "out",
              "path": "/nix/store/f192nilhhvrx62yb0xlgl748d5zdlizw-vscode-1.98.2",
              "default": true
            }
          ],
          "store_path": "/nix/store/f192nilhhvrx62yb0xlgl748d5zdlizw-vscode-1.98.2"
        },
        "x86_64-linux": {
          "outputs": [
            {
              "name": "out",
              "path": "/nix/store/qsq8pyvxvwfwsvhsq6xqw1276hxzvv50-vscode-1.98.2",
              "default": true
            }
          ],
          "store_path": "/nix/store/qsq8pyvxvwfwsvhsq6xqw1276hxzvv50-vscode-1.98.2"
        }
      }
    }
  }
}
